GEM
  remote: https://rubygems.org/
  specs:
    benchmark (0.5.0)
    date (3.5.1)
    erb (6.0.1)
    erubi (1.13.1)
    logger (1.7.0)
    minicrest (1.0.21)
      minitest (~> 5.0)
    minitest (5.27.0)
    netrc (0.11.0)
    parallel (1.27.0)
    pg (1.6.3)
    pg (1.6.3-arm64-darwin)
    pg (1.6.3-x86_64-linux)
    prism (1.8.0)
    psych (5.3.1)
      date
      stringio
    rake (13.3.1)
    rbi (0.3.9)
      prism (~> 1.0)
      rbs (>= 3.4.4)
    rbs (4.0.0.dev.5)
      logger
      prism (>= 1.3.0)
      tsort
    rdoc (7.1.0)
      erb
      psych (>= 4.0.0)
      tsort
    redcarpet (3.6.1)
    require-hooks (0.2.3)
    rexml (3.4.4)
    sorbet (0.6.12935)
      sorbet-static (= 0.6.12935)
    sorbet-runtime (0.6.12935)
    sorbet-static (0.6.12935-universal-darwin)
    sorbet-static (0.6.12935-x86_64-linux)
    sorbet-static-and-runtime (0.6.12935)
      sorbet (= 0.6.12935)
      sorbet-runtime (= 0.6.12935)
    spoom (1.7.11)
      erubi (>= 1.10.0)
      prism (>= 0.28.0)
      rbi (>= 0.3.3)
      rbs (>= 4.0.0.dev.4)
      rexml (>= 3.2.6)
      sorbet-static-and-runtime (>= 0.5.10187)
      thor (>= 0.19.2)
    stringio (3.2.0)
    tapioca (0.17.10)
      benchmark
      bundler (>= 2.2.25)
      netrc (>= 0.11.0)
      parallel (>= 1.21.0)
      rbi (>= 0.3.7)
      require-hooks (>= 0.2.2)
      sorbet-static-and-runtime (>= 0.5.11087)
      spoom (>= 1.7.9)
      thor (>= 1.2.0)
      yard-sorbet
    thor (1.5.0)
    tsort (0.2.0)
    webrick (1.9.2)
    yard (0.9.38)
    yard-sorbet (0.9.0)
      sorbet-runtime
      yard

PLATFORMS
  arm64-darwin-25
  x86_64-linux

DEPENDENCIES
  minicrest (~> 1.0)
  minitest (~> 5.27)
  pg (~> 1.5)
  rake (~> 13.0)
  rdoc (~> 7.1)
  redcarpet (~> 3.6)
  sorbet (~> 0.5)
  sorbet-runtime (~> 0.6)
  tapioca (~> 0.17)
  webrick (~> 1.9)
  yard (~> 0.9)
  yard-sorbet (~> 0.9)

CHECKSUMS
  benchmark (0.5.0) sha256=465df122341aedcb81a2a24b4d3bd19b6c67c1530713fd533f3ff034e419236c
  date (3.5.1) sha256=750d06384d7b9c15d562c76291407d89e368dda4d4fff957eb94962d325a0dc0
  erb (6.0.1) sha256=28ecdd99c5472aebd5674d6061e3c6b0a45c049578b071e5a52c2a7f13c197e5
  erubi (1.13.1) sha256=a082103b0885dbc5ecf1172fede897f9ebdb745a4b97a5e8dc63953db1ee4ad9
  logger (1.7.0) sha256=196edec7cc44b66cfb40f9755ce11b392f21f7967696af15d274dde7edff0203
  minicrest (1.0.21) sha256=3deb7cc3ea42a8b2fd7b5f43eaac8a7b9a4f7505a180be9e918e9883b0a9130c
  minitest (5.27.0) sha256=2d3b17f8a36fe7801c1adcffdbc38233b938eb0b4966e97a6739055a45fa77d5
  netrc (0.11.0) sha256=de1ce33da8c99ab1d97871726cba75151113f117146becbe45aa85cb3dabee3f
  parallel (1.27.0) sha256=4ac151e1806b755fb4e2dc2332cbf0e54f2e24ba821ff2d3dcf86bf6dc4ae130
  pg (1.6.3) sha256=1388d0563e13d2758c1089e35e973a3249e955c659592d10e5b77c468f628a99
  pg (1.6.3-arm64-darwin) sha256=7240330b572e6355d7c75a7de535edb5dfcbd6295d9c7777df4d9dddfb8c0e5f
  pg (1.6.3-x86_64-linux) sha256=5d9e188c8f7a0295d162b7b88a768d8452a899977d44f3274d1946d67920ae8d
  prism (1.8.0) sha256=84453a16ef5530ea62c5f03ec16b52a459575ad4e7b9c2b360fd8ce2c39c1254
  psych (5.3.1) sha256=eb7a57cef10c9d70173ff74e739d843ac3b2c019a003de48447b2963d81b1974
  rake (13.3.1) sha256=8c9e89d09f66a26a01264e7e3480ec0607f0c497a861ef16063604b1b08eb19c
  rbi (0.3.9) sha256=d6a187bd0b376e999d3d82a5e5798a61178be98b894b7b35741c14162c9ea015
  rbs (4.0.0.dev.5) sha256=273938e5a9c7f06b041be583588f2aa1976149bda2ce213e33e129c51534e174
  rdoc (7.1.0) sha256=494899df0706c178596ca6e1d50f1b7eb285a9b2aae715be5abd742734f17363
  redcarpet (3.6.1) sha256=d444910e6aa55480c6bcdc0cdb057626e8a32c054c29e793fa642ba2f155f445
  require-hooks (0.2.3) sha256=224be5b4be0fd2a47cb73286c500da366704a54ec195b6627366380c950efac8
  rexml (3.4.4) sha256=19e0a2c3425dfbf2d4fc1189747bdb2f849b6c5e74180401b15734bc97b5d142
  sorbet (0.6.12935) sha256=5620f3cc7f8997a3d34c1ae2bc88a95f2a8afaa143885d3c4af560f4d169d07e
  sorbet-runtime (0.6.12935) sha256=fefa8eeb5d6226459df3424d04ea0301ab2cf102310972e0e106f1f1b640cbdf
  sorbet-static (0.6.12935-universal-darwin) sha256=af0d66872aa0303df246eace0d18b7466167e7feafe3f96c32d35f500fb934e6
  sorbet-static (0.6.12935-x86_64-linux) sha256=e4259ab2ecd552b8ddc93d15965e7ab9c3b458a42260c0f0a63d9d2064c22236
  sorbet-static-and-runtime (0.6.12935) sha256=1d7abc842d7d91d40c9326264e4ddb31e22c05566798b12214047cca3d8957f7
  spoom (1.7.11) sha256=4e27384af6d3fde5aadc0287c51e6f76c0802259cbb3b6a67603bf718352f4cf
  stringio (3.2.0) sha256=c37cb2e58b4ffbd33fe5cd948c05934af997b36e0b6ca6fdf43afa234cf222e1
  tapioca (0.17.10) sha256=880a682ca8314f798dd09e9f104134fbf1a713c13be51f7dd4741dd434e6471b
  thor (1.5.0) sha256=e3a9e55fe857e44859ce104a84675ab6e8cd59c650a49106a05f55f136425e73
  tsort (0.2.0) sha256=9650a793f6859a43b6641671278f79cfead60ac714148aabe4e3f0060480089f
  webrick (1.9.2) sha256=beb4a15fc474defed24a3bda4ffd88a490d517c9e4e6118c3edce59e45864131
  yard (0.9.38) sha256=721fb82afb10532aa49860655f6cc2eaa7130889df291b052e1e6b268283010f
  yard-sorbet (0.9.0) sha256=03d1aa461b9e9c82b886919a13aa3e09fcf4d1852239d2967ed97e92723ffe21

BUNDLED WITH
  4.0.3
